
Microsoft Visual Studio Solution File, Format Version 12.00
# Visual Studio Version 16
VisualStudioVersion = 16.0.29728.190
MinimumVisualStudioVersion = 10.0.40219.1
Project("{2150E333-8FDC-42A3-9474-1A3956D46DE8}") = "Solution Items", "Solution Items", "{EDF682DF-C7E1-4264-AB27-890E6B6E6E50}"
	ProjectSection(SolutionItems) = preProject
		.gitignore = .gitignore
		Readme.md = Readme.md
	EndProjectSection
EndProject
Project("{9A19103F-16F7-4668-BE54-9A1E7A4F7556}") = "API", "API\API.csproj", "{FE6901EF-C839-4B15-B47A-5671B34785A1}"
EndProject
Project("{FAE04EC0-301F-11D3-BF4B-00C04F79EFBC}") = "Persistence", "Persistence\Persistence.csproj", "{E28A1910-60BD-43F3-9CDD-DC24C37EC6E4}"
EndProject
Project("{FAE04EC0-301F-11D3-BF4B-00C04F79EFBC}") = "Domain", "Domain\Domain.csproj", "{BDA42516-E2E9-446F-A10F-9FC25C11C04C}"
EndProject
Project("{FAE04EC0-301F-11D3-BF4B-00C04F79EFBC}") = "Application", "Application\Application.csproj", "{81FEB13B-BF4A-4DF5-8216-53B9B7374883}"
EndProject
Global
	GlobalSection(SolutionConfigurationPlatforms) = preSolution
		Debug|Any CPU = Debug|Any CPU
		Release|Any CPU = Release|Any CPU
	EndGlobalSection
	GlobalSection(ProjectConfigurationPlatforms) = postSolution
		{FE6901EF-C839-4B15-B47A-5671B34785A1}.Debug|Any CPU.ActiveCfg = Debug|Any CPU
		{FE6901EF-C839-4B15-B47A-5671B34785A1}.Debug|Any CPU.Build.0 = Debug|Any CPU
		{FE6901EF-C839-4B15-B47A-5671B34785A1}.Release|Any CPU.ActiveCfg = Release|Any CPU
		{FE6901EF-C839-4B15-B47A-5671B34785A1}.Release|Any CPU.Build.0 = Release|Any CPU
		{E28A1910-60BD-43F3-9CDD-DC24C37EC6E4}.Debug|Any CPU.ActiveCfg = Debug|Any CPU
		{E28A1910-60BD-43F3-9CDD-DC24C37EC6E4}.Debug|Any CPU.Build.0 = Debug|Any CPU
		{E28A1910-60BD-43F3-9CDD-DC24C37EC6E4}.Release|Any CPU.ActiveCfg = Release|Any CPU
		{E28A1910-60BD-43F3-9CDD-DC24C37EC6E4}.Release|Any CPU.Build.0 = Release|Any CPU
		{BDA42516-E2E9-446F-A10F-9FC25C11C04C}.Debug|Any CPU.ActiveCfg = Debug|Any CPU
		{BDA42516-E2E9-446F-A10F-9FC25C11C04C}.Debug|Any CPU.Build.0 = Debug|Any CPU
		{BDA42516-E2E9-446F-A10F-9FC25C11C04C}.Release|Any CPU.ActiveCfg = Release|Any CPU
		{BDA42516-E2E9-446F-A10F-9FC25C11C04C}.Release|Any CPU.Build.0 = Release|Any CPU
		{81FEB13B-BF4A-4DF5-8216-53B9B7374883}.Debug|Any CPU.ActiveCfg = Debug|Any CPU
		{81FEB13B-BF4A-4DF5-8216-53B9B7374883}.Debug|Any CPU.Build.0 = Debug|Any CPU
		{81FEB13B-BF4A-4DF5-8216-53B9B7374883}.Release|Any CPU.ActiveCfg = Release|Any CPU
		{81FEB13B-BF4A-4DF5-8216-53B9B7374883}.Release|Any CPU.Build.0 = Release|Any CPU
	EndGlobalSection
	GlobalSection(SolutionProperties) = preSolution
		HideSolutionNode = FALSE
	EndGlobalSection
	GlobalSection(ExtensibilityGlobals) = postSolution
		SolutionGuid = {1253C917-DE94-4DAF-B860-19ABDCEEA9D4}
	EndGlobalSection
EndGlobal
